
Microsoft Visual Studio Solution File, Format Version 12.00
# Visual Studio Version 17
VisualStudioVersion = 17.7.34003.232
MinimumVisualStudioVersion = 10.0.40219.1
Project("{FAE04EC0-301F-11D3-BF4B-00C04F79EFBC}") = "DevExamConsole", "DevExamConsole\DevExamConsole.csproj", "{B0FAAEEC-B9F4-48CD-873E-90A2E9E5CC30}"
EndProject
Project("{FAE04EC0-301F-11D3-BF4B-00C04F79EFBC}") = "ManageEmployeesWebApp", "ManageEmployeesWebApp\ManageEmployeesWebApp.csproj", "{78BF5ACF-0E62-421D-A813-66AB55BC4DD5}"
EndProject
Global
	GlobalSection(SolutionConfigurationPlatforms) = preSolution
		Debug|Any CPU = Debug|Any CPU
		Release|Any CPU = Release|Any CPU
	EndGlobalSection
	GlobalSection(ProjectConfigurationPlatforms) = postSolution
		{B0FAAEEC-B9F4-48CD-873E-90A2E9E5CC30}.Debug|Any CPU.ActiveCfg = Debug|Any CPU
		{B0FAAEEC-B9F4-48CD-873E-90A2E9E5CC30}.Debug|Any CPU.Build.0 = Debug|Any CPU
		{B0FAAEEC-B9F4-48CD-873E-90A2E9E5CC30}.Release|Any CPU.ActiveCfg = Release|Any CPU
		{B0FAAEEC-B9F4-48CD-873E-90A2E9E5CC30}.Release|Any CPU.Build.0 = Release|Any CPU
		{78BF5ACF-0E62-421D-A813-66AB55BC4DD5}.Debug|Any CPU.ActiveCfg = Debug|Any CPU
		{78BF5ACF-0E62-421D-A813-66AB55BC4DD5}.Debug|Any CPU.Build.0 = Debug|Any CPU
		{78BF5ACF-0E62-421D-A813-66AB55BC4DD5}.Release|Any CPU.ActiveCfg = Release|Any CPU
		{78BF5ACF-0E62-421D-A813-66AB55BC4DD5}.Release|Any CPU.Build.0 = Release|Any CPU
	EndGlobalSection
	GlobalSection(SolutionProperties) = preSolution
		HideSolutionNode = FALSE
	EndGlobalSection
	GlobalSection(ExtensibilityGlobals) = postSolution
		SolutionGuid = {32A77ADB-BD32-418A-95B6-4316EE8BE975}
	EndGlobalSection
EndGlobal
